// !$*UTF8*$!
{
	archiveVersion = 1;
	classes = {
	};
	objectVersion = 50;
	objects = {

/* Begin PBXBuildFile section */
		BC139B752698023400DD98E4 /* UIImageViewExtension.swift in Sources */ = {isa = PBXBuildFile; fileRef = BC139B742698023400DD98E4 /* UIImageViewExtension.swift */; };
		BC139B78269808AF00DD98E4 /* ContactDetailTableViewController.swift in Sources */ = {isa = PBXBuildFile; fileRef = BC139B77269808AF00DD98E4 /* ContactDetailTableViewController.swift */; };
		BC139B7A2698092000DD98E4 /* ContactDetailPresenter.swift in Sources */ = {isa = PBXBuildFile; fileRef = BC139B792698092000DD98E4 /* ContactDetailPresenter.swift */; };
		BC139B7C2698097A00DD98E4 /* ContactListDelegate.swift in Sources */ = {isa = PBXBuildFile; fileRef = BC139B7B2698097A00DD98E4 /* ContactListDelegate.swift */; };
		BC139B7E2698098E00DD98E4 /* ContactListSections.swift in Sources */ = {isa = PBXBuildFile; fileRef = BC139B7D2698098E00DD98E4 /* ContactListSections.swift */; };
		BC139B8026980E4F00DD98E4 /* ContactDetailSections.swift in Sources */ = {isa = PBXBuildFile; fileRef = BC139B7F26980E4F00DD98E4 /* ContactDetailSections.swift */; };
		BC139B82269940A600DD98E4 /* ContactDetailSummaryTableViewCell.swift in Sources */ = {isa = PBXBuildFile; fileRef = BC139B81269940A600DD98E4 /* ContactDetailSummaryTableViewCell.swift */; };
		BC139B8426994C9500DD98E4 /* ContactDetailItemTableViewCell.swift in Sources */ = {isa = PBXBuildFile; fileRef = BC139B8326994C9500DD98E4 /* ContactDetailItemTableViewCell.swift */; };
		BC139B8726994CCC00DD98E4 /* SeparatorLineView.swift in Sources */ = {isa = PBXBuildFile; fileRef = BC139B8626994CCC00DD98E4 /* SeparatorLineView.swift */; };
		BC3E3C702696687300A3D9AF /* AppDelegate.swift in Sources */ = {isa = PBXBuildFile; fileRef = BC3E3C6F2696687300A3D9AF /* AppDelegate.swift */; };
		BC3E3C722696687300A3D9AF /* SceneDelegate.swift in Sources */ = {isa = PBXBuildFile; fileRef = BC3E3C712696687300A3D9AF /* SceneDelegate.swift */; };
		BC3E3C742696687300A3D9AF /* ContactListTableViewController.swift in Sources */ = {isa = PBXBuildFile; fileRef = BC3E3C732696687300A3D9AF /* ContactListTableViewController.swift */; };
		BC3E3C792696687800A3D9AF /* Assets.xcassets in Resources */ = {isa = PBXBuildFile; fileRef = BC3E3C782696687800A3D9AF /* Assets.xcassets */; };
		BC3E3C7C2696687800A3D9AF /* LaunchScreen.storyboard in Resources */ = {isa = PBXBuildFile; fileRef = BC3E3C7A2696687800A3D9AF /* LaunchScreen.storyboard */; };
		BC3E3C872696687800A3D9AF /* KCProgrammingChallengeTests.swift in Sources */ = {isa = PBXBuildFile; fileRef = BC3E3C862696687800A3D9AF /* KCProgrammingChallengeTests.swift */; };
		BC3E3CA326966B2F00A3D9AF /* Contact.swift in Sources */ = {isa = PBXBuildFile; fileRef = BC3E3CA226966B2F00A3D9AF /* Contact.swift */; };
		BC3E3CA526966C1000A3D9AF /* Phone.swift in Sources */ = {isa = PBXBuildFile; fileRef = BC3E3CA426966C1000A3D9AF /* Phone.swift */; };
		BC3E3CA726966C2800A3D9AF /* Country.swift in Sources */ = {isa = PBXBuildFile; fileRef = BC3E3CA626966C2800A3D9AF /* Country.swift */; };
		BC3E3CA926966C4800A3D9AF /* Address.swift in Sources */ = {isa = PBXBuildFile; fileRef = BC3E3CA826966C4800A3D9AF /* Address.swift */; };
		BC3E3CAC26966E1800A3D9AF /* ServiceRepository.swift in Sources */ = {isa = PBXBuildFile; fileRef = BC3E3CAB26966E1800A3D9AF /* ServiceRepository.swift */; };
		BC3E3CAE26966E5600A3D9AF /* ServiceError.swift in Sources */ = {isa = PBXBuildFile; fileRef = BC3E3CAD26966E5600A3D9AF /* ServiceError.swift */; };
		BC3E3CB026966E7D00A3D9AF /* ServiceFacade.swift in Sources */ = {isa = PBXBuildFile; fileRef = BC3E3CAF26966E7D00A3D9AF /* ServiceFacade.swift */; };
		BC3E3CB226966FB700A3D9AF /* HTTPMethods.swift in Sources */ = {isa = PBXBuildFile; fileRef = BC3E3CB126966FB700A3D9AF /* HTTPMethods.swift */; };
		BC3E3CB4269670F200A3D9AF /* ContactListPresenter.swift in Sources */ = {isa = PBXBuildFile; fileRef = BC3E3CB3269670F200A3D9AF /* ContactListPresenter.swift */; };
		BC3E3CB62696B36A00A3D9AF /* ContactListTableViewCell.swift in Sources */ = {isa = PBXBuildFile; fileRef = BC3E3CB52696B36A00A3D9AF /* ContactListTableViewCell.swift */; };
		BC3E3CB92696B3A900A3D9AF /* UITableViewCellExtension.swift in Sources */ = {isa = PBXBuildFile; fileRef = BC3E3CB82696B3A900A3D9AF /* UITableViewCellExtension.swift */; };
		BC3E3CBB2696B64000A3D9AF /* UIColorExtension.swift in Sources */ = {isa = PBXBuildFile; fileRef = BC3E3CBA2696B64000A3D9AF /* UIColorExtension.swift */; };
		BC3E3CBD2696B96100A3D9AF /* UIViewExtension.swift in Sources */ = {isa = PBXBuildFile; fileRef = BC3E3CBC2696B96100A3D9AF /* UIViewExtension.swift */; };
/* End PBXBuildFile section */

/* Begin PBXContainerItemProxy section */
		BC3E3C832696687800A3D9AF /* PBXContainerItemProxy */ = {
			isa = PBXContainerItemProxy;
			containerPortal = BC3E3C642696687300A3D9AF /* Project object */;
			proxyType = 1;
			remoteGlobalIDString = BC3E3C6B2696687300A3D9AF;
			remoteInfo = KCProgrammingChallenge;
		};
		BC3E3C8E2696687800A3D9AF /* PBXContainerItemProxy */ = {
			isa = PBXContainerItemProxy;
			containerPortal = BC3E3C642696687300A3D9AF /* Project object */;
			proxyType = 1;
			remoteGlobalIDString = BC3E3C6B2696687300A3D9AF;
			remoteInfo = KCProgrammingChallenge;
		};
/* End PBXContainerItemProxy section */

/* Begin PBXFileReference section */
		BC139B742698023400DD98E4 /* UIImageViewExtension.swift */ = {isa = PBXFileReference; lastKnownFileType = sourcecode.swift; path = UIImageViewExtension.swift; sourceTree = "<group>"; };
		BC139B77269808AF00DD98E4 /* ContactDetailTableViewController.swift */ = {isa = PBXFileReference; lastKnownFileType = sourcecode.swift; path = ContactDetailTableViewController.swift; sourceTree = "<group>"; };
		BC139B792698092000DD98E4 /* ContactDetailPresenter.swift */ = {isa = PBXFileReference; lastKnownFileType = sourcecode.swift; path = ContactDetailPresenter.swift; sourceTree = "<group>"; };
		BC139B7B2698097A00DD98E4 /* ContactListDelegate.swift */ = {isa = PBXFileReference; lastKnownFileType = sourcecode.swift; path = ContactListDelegate.swift; sourceTree = "<group>"; };
		BC139B7D2698098E00DD98E4 /* ContactListSections.swift */ = {isa = PBXFileReference; lastKnownFileType = sourcecode.swift; path = ContactListSections.swift; sourceTree = "<group>"; };
		BC139B7F26980E4F00DD98E4 /* ContactDetailSections.swift */ = {isa = PBXFileReference; lastKnownFileType = sourcecode.swift; path = ContactDetailSections.swift; sourceTree = "<group>"; };
		BC139B81269940A600DD98E4 /* ContactDetailSummaryTableViewCell.swift */ = {isa = PBXFileReference; lastKnownFileType = sourcecode.swift; path = ContactDetailSummaryTableViewCell.swift; sourceTree = "<group>"; };
		BC139B8326994C9500DD98E4 /* ContactDetailItemTableViewCell.swift */ = {isa = PBXFileReference; lastKnownFileType = sourcecode.swift; path = ContactDetailItemTableViewCell.swift; sourceTree = "<group>"; };
		BC139B8626994CCC00DD98E4 /* SeparatorLineView.swift */ = {isa = PBXFileReference; lastKnownFileType = sourcecode.swift; path = SeparatorLineView.swift; sourceTree = "<group>"; };
		BC3E3C6C2696687300A3D9AF /* KCProgrammingChallenge.app */ = {isa = PBXFileReference; explicitFileType = wrapper.application; includeInIndex = 0; path = KCProgrammingChallenge.app; sourceTree = BUILT_PRODUCTS_DIR; };
		BC3E3C6F2696687300A3D9AF /* AppDelegate.swift */ = {isa = PBXFileReference; lastKnownFileType = sourcecode.swift; path = AppDelegate.swift; sourceTree = "<group>"; };
		BC3E3C712696687300A3D9AF /* SceneDelegate.swift */ = {isa = PBXFileReference; lastKnownFileType = sourcecode.swift; path = SceneDelegate.swift; sourceTree = "<group>"; };
		BC3E3C732696687300A3D9AF /* ContactListTableViewController.swift */ = {isa = PBXFileReference; lastKnownFileType = sourcecode.swift; path = ContactListTableViewController.swift; sourceTree = "<group>"; };
		BC3E3C782696687800A3D9AF /* Assets.xcassets */ = {isa = PBXFileReference; lastKnownFileType = folder.assetcatalog; path = Assets.xcassets; sourceTree = "<group>"; };
		BC3E3C7B2696687800A3D9AF /* Base */ = {isa = PBXFileReference; lastKnownFileType = file.storyboard; name = Base; path = Base.lproj/LaunchScreen.storyboard; sourceTree = "<group>"; };
		BC3E3C7D2696687800A3D9AF /* Info.plist */ = {isa = PBXFileReference; lastKnownFileType = text.plist.xml; path = Info.plist; sourceTree = "<group>"; };
		BC3E3C822696687800A3D9AF /* KCProgrammingChallengeTests.xctest */ = {isa = PBXFileReference; explicitFileType = wrapper.cfbundle; includeInIndex = 0; path = KCProgrammingChallengeTests.xctest; sourceTree = BUILT_PRODUCTS_DIR; };
		BC3E3C862696687800A3D9AF /* KCProgrammingChallengeTests.swift */ = {isa = PBXFileReference; lastKnownFileType = sourcecode.swift; path = KCProgrammingChallengeTests.swift; sourceTree = "<group>"; };
		BC3E3C882696687800A3D9AF /* Info.plist */ = {isa = PBXFileReference; lastKnownFileType = text.plist.xml; path = Info.plist; sourceTree = "<group>"; };
		BC3E3C8D2696687800A3D9AF /* KCProgrammingChallengeUITests.xctest */ = {isa = PBXFileReference; explicitFileType = wrapper.cfbundle; includeInIndex = 0; path = KCProgrammingChallengeUITests.xctest; sourceTree = BUILT_PRODUCTS_DIR; };
		BC3E3CA226966B2F00A3D9AF /* Contact.swift */ = {isa = PBXFileReference; lastKnownFileType = sourcecode.swift; path = Contact.swift; sourceTree = "<group>"; };
		BC3E3CA426966C1000A3D9AF /* Phone.swift */ = {isa = PBXFileReference; lastKnownFileType = sourcecode.swift; path = Phone.swift; sourceTree = "<group>"; };
		BC3E3CA626966C2800A3D9AF /* Country.swift */ = {isa = PBXFileReference; lastKnownFileType = sourcecode.swift; path = Country.swift; sourceTree = "<group>"; };
		BC3E3CA826966C4800A3D9AF /* Address.swift */ = {isa = PBXFileReference; lastKnownFileType = sourcecode.swift; path = Address.swift; sourceTree = "<group>"; };
		BC3E3CAB26966E1800A3D9AF /* ServiceRepository.swift */ = {isa = PBXFileReference; lastKnownFileType = sourcecode.swift; path = ServiceRepository.swift; sourceTree = "<group>"; };
		BC3E3CAD26966E5600A3D9AF /* ServiceError.swift */ = {isa = PBXFileReference; lastKnownFileType = sourcecode.swift; path = ServiceError.swift; sourceTree = "<group>"; };
		BC3E3CAF26966E7D00A3D9AF /* ServiceFacade.swift */ = {isa = PBXFileReference; lastKnownFileType = sourcecode.swift; path = ServiceFacade.swift; sourceTree = "<group>"; };
		BC3E3CB126966FB700A3D9AF /* HTTPMethods.swift */ = {isa = PBXFileReference; lastKnownFileType = sourcecode.swift; path = HTTPMethods.swift; sourceTree = "<group>"; };
		BC3E3CB3269670F200A3D9AF /* ContactListPresenter.swift */ = {isa = PBXFileReference; lastKnownFileType = sourcecode.swift; path = ContactListPresenter.swift; sourceTree = "<group>"; };
		BC3E3CB52696B36A00A3D9AF /* ContactListTableViewCell.swift */ = {isa = PBXFileReference; lastKnownFileType = sourcecode.swift; path = ContactListTableViewCell.swift; sourceTree = "<group>"; };
		BC3E3CB82696B3A900A3D9AF /* UITableViewCellExtension.swift */ = {isa = PBXFileReference; lastKnownFileType = sourcecode.swift; path = UITableViewCellExtension.swift; sourceTree = "<group>"; };
		BC3E3CBA2696B64000A3D9AF /* UIColorExtension.swift */ = {isa = PBXFileReference; lastKnownFileType = sourcecode.swift; path = UIColorExtension.swift; sourceTree = "<group>"; };
		BC3E3CBC2696B96100A3D9AF /* UIViewExtension.swift */ = {isa = PBXFileReference; lastKnownFileType = sourcecode.swift; path = UIViewExtension.swift; sourceTree = "<group>"; };
/* End PBXFileReference section */

/* Begin PBXFrameworksBuildPhase section */
		BC3E3C692696687300A3D9AF /* Frameworks */ = {
			isa = PBXFrameworksBuildPhase;
			buildActionMask = 2147483647;
			files = (
			);
			runOnlyForDeploymentPostprocessing = 0;
		};
		BC3E3C7F2696687800A3D9AF /* Frameworks */ = {
			isa = PBXFrameworksBuildPhase;
			buildActionMask = 2147483647;
			files = (
			);
			runOnlyForDeploymentPostprocessing = 0;
		};
		BC3E3C8A2696687800A3D9AF /* Frameworks */ = {
			isa = PBXFrameworksBuildPhase;
			buildActionMask = 2147483647;
			files = (
			);
			runOnlyForDeploymentPostprocessing = 0;
		};
/* End PBXFrameworksBuildPhase section */

/* Begin PBXGroup section */
		BC139B762698089A00DD98E4 /* ContactDetail */ = {
			isa = PBXGroup;
			children = (
				BC139B77269808AF00DD98E4 /* ContactDetailTableViewController.swift */,
				BC139B792698092000DD98E4 /* ContactDetailPresenter.swift */,
				BC139B7F26980E4F00DD98E4 /* ContactDetailSections.swift */,
				BC139B81269940A600DD98E4 /* ContactDetailSummaryTableViewCell.swift */,
				BC139B8326994C9500DD98E4 /* ContactDetailItemTableViewCell.swift */,
			);
			path = ContactDetail;
			sourceTree = "<group>";
		};
		BC139B8526994CC100DD98E4 /* Common */ = {
			isa = PBXGroup;
			children = (
				BC139B8626994CCC00DD98E4 /* SeparatorLineView.swift */,
			);
			path = Common;
			sourceTree = "<group>";
		};
		BC3E3C632696687300A3D9AF = {
			isa = PBXGroup;
			children = (
				BC3E3C6E2696687300A3D9AF /* KCProgrammingChallenge */,
				BC3E3C852696687800A3D9AF /* KCProgrammingChallengeTests */,
				BC3E3C6D2696687300A3D9AF /* Products */,
			);
			sourceTree = "<group>";
		};
		BC3E3C6D2696687300A3D9AF /* Products */ = {
			isa = PBXGroup;
			children = (
				BC3E3C6C2696687300A3D9AF /* KCProgrammingChallenge.app */,
				BC3E3C822696687800A3D9AF /* KCProgrammingChallengeTests.xctest */,
				BC3E3C8D2696687800A3D9AF /* KCProgrammingChallengeUITests.xctest */,
			);
			name = Products;
			sourceTree = "<group>";
		};
		BC3E3C6E2696687300A3D9AF /* KCProgrammingChallenge */ = {
			isa = PBXGroup;
			children = (
				BC3E3CB72696B39100A3D9AF /* Extensions */,
				BC3E3CAA26966E0A00A3D9AF /* Service */,
				BC3E3CA126966B2500A3D9AF /* Models */,
				BC3E3C9F26966B0A00A3D9AF /* Screens */,
				BC3E3C6F2696687300A3D9AF /* AppDelegate.swift */,
				BC3E3C712696687300A3D9AF /* SceneDelegate.swift */,
				BC3E3C782696687800A3D9AF /* Assets.xcassets */,
				BC3E3C7A2696687800A3D9AF /* LaunchScreen.storyboard */,
				BC3E3C7D2696687800A3D9AF /* Info.plist */,
			);
			path = KCProgrammingChallenge;
			sourceTree = "<group>";
		};
		BC3E3C852696687800A3D9AF /* KCProgrammingChallengeTests */ = {
			isa = PBXGroup;
			children = (
				BC3E3C862696687800A3D9AF /* KCProgrammingChallengeTests.swift */,
				BC3E3C882696687800A3D9AF /* Info.plist */,
			);
			path = KCProgrammingChallengeTests;
			sourceTree = "<group>";
		};
		BC3E3C9F26966B0A00A3D9AF /* Screens */ = {
			isa = PBXGroup;
			children = (
				BC139B8526994CC100DD98E4 /* Common */,
				BC139B762698089A00DD98E4 /* ContactDetail */,
				BC3E3CA026966B1500A3D9AF /* ContactList */,
			);
			path = Screens;
			sourceTree = "<group>";
		};
		BC3E3CA026966B1500A3D9AF /* ContactList */ = {
			isa = PBXGroup;
			children = (
				BC3E3C732696687300A3D9AF /* ContactListTableViewController.swift */,
				BC3E3CB3269670F200A3D9AF /* ContactListPresenter.swift */,
				BC3E3CB52696B36A00A3D9AF /* ContactListTableViewCell.swift */,
				BC139B7B2698097A00DD98E4 /* ContactListDelegate.swift */,
				BC139B7D2698098E00DD98E4 /* ContactListSections.swift */,
			);
			path = ContactList;
			sourceTree = "<group>";
		};
		BC3E3CA126966B2500A3D9AF /* Models */ = {
			isa = PBXGroup;
			children = (
				BC3E3CA226966B2F00A3D9AF /* Contact.swift */,
				BC3E3CA426966C1000A3D9AF /* Phone.swift */,
				BC3E3CA626966C2800A3D9AF /* Country.swift */,
				BC3E3CA826966C4800A3D9AF /* Address.swift */,
			);
			path = Models;
			sourceTree = "<group>";
		};
		BC3E3CAA26966E0A00A3D9AF /* Service */ = {
			isa = PBXGroup;
			children = (
				BC3E3CAB26966E1800A3D9AF /* ServiceRepository.swift */,
				BC3E3CAD26966E5600A3D9AF /* ServiceError.swift */,
				BC3E3CAF26966E7D00A3D9AF /* ServiceFacade.swift */,
				BC3E3CB126966FB700A3D9AF /* HTTPMethods.swift */,
			);
			path = Service;
			sourceTree = "<group>";
		};
		BC3E3CB72696B39100A3D9AF /* Extensions */ = {
			isa = PBXGroup;
			children = (
				BC3E3CB82696B3A900A3D9AF /* UITableViewCellExtension.swift */,
				BC3E3CBA2696B64000A3D9AF /* UIColorExtension.swift */,
				BC3E3CBC2696B96100A3D9AF /* UIViewExtension.swift */,
				BC139B742698023400DD98E4 /* UIImageViewExtension.swift */,
			);
			path = Extensions;
			sourceTree = "<group>";
		};
/* End PBXGroup section */

/* Begin PBXNativeTarget section */
		BC3E3C6B2696687300A3D9AF /* KCProgrammingChallenge */ = {
			isa = PBXNativeTarget;
			buildConfigurationList = BC3E3C962696687800A3D9AF /* Build configuration list for PBXNativeTarget "KCProgrammingChallenge" */;
			buildPhases = (
				BC3E3C682696687300A3D9AF /* Sources */,
				BC3E3C692696687300A3D9AF /* Frameworks */,
				BC3E3C6A2696687300A3D9AF /* Resources */,
			);
			buildRules = (
			);
			dependencies = (
			);
			name = KCProgrammingChallenge;
			productName = KCProgrammingChallenge;
			productReference = BC3E3C6C2696687300A3D9AF /* KCProgrammingChallenge.app */;
			productType = "com.apple.product-type.application";
		};
		BC3E3C812696687800A3D9AF /* KCProgrammingChallengeTests */ = {
			isa = PBXNativeTarget;
			buildConfigurationList = BC3E3C992696687800A3D9AF /* Build configuration list for PBXNativeTarget "KCProgrammingChallengeTests" */;
			buildPhases = (
				BC3E3C7E2696687800A3D9AF /* Sources */,
				BC3E3C7F2696687800A3D9AF /* Frameworks */,
				BC3E3C802696687800A3D9AF /* Resources */,
			);
			buildRules = (
			);
			dependencies = (
				BC3E3C842696687800A3D9AF /* PBXTargetDependency */,
			);
			name = KCProgrammingChallengeTests;
			productName = KCProgrammingChallengeTests;
			productReference = BC3E3C822696687800A3D9AF /* KCProgrammingChallengeTests.xctest */;
			productType = "com.apple.product-type.bundle.unit-test";
		};
		BC3E3C8C2696687800A3D9AF /* KCProgrammingChallengeUITests */ = {
			isa = PBXNativeTarget;
			buildConfigurationList = BC3E3C9C2696687800A3D9AF /* Build configuration list for PBXNativeTarget "KCProgrammingChallengeUITests" */;
			buildPhases = (
				BC3E3C892696687800A3D9AF /* Sources */,
				BC3E3C8A2696687800A3D9AF /* Frameworks */,
				BC3E3C8B2696687800A3D9AF /* Resources */,
			);
			buildRules = (
			);
			dependencies = (
				BC3E3C8F2696687800A3D9AF /* PBXTargetDependency */,
			);
			name = KCProgrammingChallengeUITests;
			productName = KCProgrammingChallengeUITests;
			productReference = BC3E3C8D2696687800A3D9AF /* KCProgrammingChallengeUITests.xctest */;
			productType = "com.apple.product-type.bundle.ui-testing";
		};
/* End PBXNativeTarget section */

/* Begin PBXProject section */
		BC3E3C642696687300A3D9AF /* Project object */ = {
			isa = PBXProject;
			attributes = {
				LastSwiftUpdateCheck = 1250;
				LastUpgradeCheck = 1250;
				TargetAttributes = {
					BC3E3C6B2696687300A3D9AF = {
						CreatedOnToolsVersion = 12.5.1;
					};
					BC3E3C812696687800A3D9AF = {
						CreatedOnToolsVersion = 12.5.1;
						TestTargetID = BC3E3C6B2696687300A3D9AF;
					};
					BC3E3C8C2696687800A3D9AF = {
						CreatedOnToolsVersion = 12.5.1;
						TestTargetID = BC3E3C6B2696687300A3D9AF;
					};
				};
			};
			buildConfigurationList = BC3E3C672696687300A3D9AF /* Build configuration list for PBXProject "KCProgrammingChallenge" */;
			compatibilityVersion = "Xcode 9.3";
			developmentRegion = en;
			hasScannedForEncodings = 0;
			knownRegions = (
				en,
				Base,
			);
			mainGroup = BC3E3C632696687300A3D9AF;
			productRefGroup = BC3E3C6D2696687300A3D9AF /* Products */;
			projectDirPath = "";
			projectRoot = "";
			targets = (
				BC3E3C6B2696687300A3D9AF /* KCProgrammingChallenge */,
				BC3E3C812696687800A3D9AF /* KCProgrammingChallengeTests */,
				BC3E3C8C2696687800A3D9AF /* KCProgrammingChallengeUITests */,
			);
		};
/* End PBXProject section */

/* Begin PBXResourcesBuildPhase section */
		BC3E3C6A2696687300A3D9AF /* Resources */ = {
			isa = PBXResourcesBuildPhase;
			buildActionMask = 2147483647;
			files = (
				BC3E3C7C2696687800A3D9AF /* LaunchScreen.storyboard in Resources */,
				BC3E3C792696687800A3D9AF /* Assets.xcassets in Resources */,
			);
			runOnlyForDeploymentPostprocessing = 0;
		};
		BC3E3C802696687800A3D9AF /* Resources */ = {
			isa = PBXResourcesBuildPhase;
			buildActionMask = 2147483647;
			files = (
			);
			runOnlyForDeploymentPostprocessing = 0;
		};
		BC3E3C8B2696687800A3D9AF /* Resources */ = {
			isa = PBXResourcesBuildPhase;
			buildActionMask = 2147483647;
			files = (
			);
			runOnlyForDeploymentPostprocessing = 0;
		};
/* End PBXResourcesBuildPhase section */

/* Begin PBXSourcesBuildPhase section */
		BC3E3C682696687300A3D9AF /* Sources */ = {
			isa = PBXSourcesBuildPhase;
			buildActionMask = 2147483647;
			files = (
				BC3E3CA526966C1000A3D9AF /* Phone.swift in Sources */,
				BC3E3CA326966B2F00A3D9AF /* Contact.swift in Sources */,
				BC3E3CBB2696B64000A3D9AF /* UIColorExtension.swift in Sources */,
				BC139B7C2698097A00DD98E4 /* ContactListDelegate.swift in Sources */,
				BC139B8726994CCC00DD98E4 /* SeparatorLineView.swift in Sources */,
				BC3E3C742696687300A3D9AF /* ContactListTableViewController.swift in Sources */,
				BC3E3CB026966E7D00A3D9AF /* ServiceFacade.swift in Sources */,
				BC3E3CAC26966E1800A3D9AF /* ServiceRepository.swift in Sources */,
				BC3E3CBD2696B96100A3D9AF /* UIViewExtension.swift in Sources */,
				BC139B82269940A600DD98E4 /* ContactDetailSummaryTableViewCell.swift in Sources */,
				BC3E3CB4269670F200A3D9AF /* ContactListPresenter.swift in Sources */,
				BC139B8026980E4F00DD98E4 /* ContactDetailSections.swift in Sources */,
				BC3E3C702696687300A3D9AF /* AppDelegate.swift in Sources */,
				BC139B78269808AF00DD98E4 /* ContactDetailTableViewController.swift in Sources */,
				BC3E3CA726966C2800A3D9AF /* Country.swift in Sources */,
				BC3E3CAE26966E5600A3D9AF /* ServiceError.swift in Sources */,
				BC3E3C722696687300A3D9AF /* SceneDelegate.swift in Sources */,
				BC139B8426994C9500DD98E4 /* ContactDetailItemTableViewCell.swift in Sources */,
				BC3E3CA926966C4800A3D9AF /* Address.swift in Sources */,
				BC139B7A2698092000DD98E4 /* ContactDetailPresenter.swift in Sources */,
				BC139B752698023400DD98E4 /* UIImageViewExtension.swift in Sources */,
				BC3E3CB92696B3A900A3D9AF /* UITableViewCellExtension.swift in Sources */,
				BC3E3CB62696B36A00A3D9AF /* ContactListTableViewCell.swift in Sources */,
				BC3E3CB226966FB700A3D9AF /* HTTPMethods.swift in Sources */,
				BC139B7E2698098E00DD98E4 /* ContactListSections.swift in Sources */,
			);
			runOnlyForDeploymentPostprocessing = 0;
		};
		BC3E3C7E2696687800A3D9AF /* Sources */ = {
			isa = PBXSourcesBuildPhase;
			buildActionMask = 2147483647;
			files = (
				BC3E3C872696687800A3D9AF /* KCProgrammingChallengeTests.swift in Sources */,
			);
			runOnlyForDeploymentPostprocessing = 0;
		};
		BC3E3C892696687800A3D9AF /* Sources */ = {
			isa = PBXSourcesBuildPhase;
			buildActionMask = 2147483647;
			files = (
			);
			runOnlyForDeploymentPostprocessing = 0;
		};
/* End PBXSourcesBuildPhase section */

/* Begin PBXTargetDependency section */
		BC3E3C842696687800A3D9AF /* PBXTargetDependency */ = {
			isa = PBXTargetDependency;
			target = BC3E3C6B2696687300A3D9AF /* KCProgrammingChallenge */;
			targetProxy = BC3E3C832696687800A3D9AF /* PBXContainerItemProxy */;
		};
		BC3E3C8F2696687800A3D9AF /* PBXTargetDependency */ = {
			isa = PBXTargetDependency;
			target = BC3E3C6B2696687300A3D9AF /* KCProgrammingChallenge */;
			targetProxy = BC3E3C8E2696687800A3D9AF /* PBXContainerItemProxy */;
		};
/* End PBXTargetDependency section */

/* Begin PBXVariantGroup section */
		BC3E3C7A2696687800A3D9AF /* LaunchScreen.storyboard */ = {
			isa = PBXVariantGroup;
			children = (
				BC3E3C7B2696687800A3D9AF /* Base */,
			);
			name = LaunchScreen.storyboard;
			sourceTree = "<group>";
		};
/* End PBXVariantGroup section */

/* Begin XCBuildConfiguration section */
		BC3E3C942696687800A3D9AF /* Debug */ = {
			isa = XCBuildConfiguration;
			buildSettings = {
				ALWAYS_SEARCH_USER_PATHS = NO;
				CLANG_ANALYZER_NONNULL = YES;
				CLANG_ANALYZER_NUMBER_OBJECT_CONVERSION = YES_AGGRESSIVE;
				CLANG_CXX_LANGUAGE_STANDARD = "gnu++14";
				CLANG_CXX_LIBRARY = "libc++";
				CLANG_ENABLE_MODULES = YES;
				CLANG_ENABLE_OBJC_ARC = YES;
				CLANG_ENABLE_OBJC_WEAK = YES;
				CLANG_WARN_BLOCK_CAPTURE_AUTORELEASING = YES;
				CLANG_WARN_BOOL_CONVERSION = YES;
				CLANG_WARN_COMMA = YES;
				CLANG_WARN_CONSTANT_CONVERSION = YES;
				CLANG_WARN_DEPRECATED_OBJC_IMPLEMENTATIONS = YES;
				CLANG_WARN_DIRECT_OBJC_ISA_USAGE = YES_ERROR;
				CLANG_WARN_DOCUMENTATION_COMMENTS = YES;
				CLANG_WARN_EMPTY_BODY = YES;
				CLANG_WARN_ENUM_CONVERSION = YES;
				CLANG_WARN_INFINITE_RECURSION = YES;
				CLANG_WARN_INT_CONVERSION = YES;
				CLANG_WARN_NON_LITERAL_NULL_CONVERSION = YES;
				CLANG_WARN_OBJC_IMPLICIT_RETAIN_SELF = YES;
				CLANG_WARN_OBJC_LITERAL_CONVERSION = YES;
				CLANG_WARN_OBJC_ROOT_CLASS = YES_ERROR;
				CLANG_WARN_QUOTED_INCLUDE_IN_FRAMEWORK_HEADER = YES;
				CLANG_WARN_RANGE_LOOP_ANALYSIS = YES;
				CLANG_WARN_STRICT_PROTOTYPES = YES;
				CLANG_WARN_SUSPICIOUS_MOVE = YES;
				CLANG_WARN_UNGUARDED_AVAILABILITY = YES_AGGRESSIVE;
				CLANG_WARN_UNREACHABLE_CODE = YES;
				CLANG_WARN__DUPLICATE_METHOD_MATCH = YES;
				COPY_PHASE_STRIP = NO;
				DEBUG_INFORMATION_FORMAT = dwarf;
				ENABLE_STRICT_OBJC_MSGSEND = YES;
				ENABLE_TESTABILITY = YES;
				GCC_C_LANGUAGE_STANDARD = gnu11;
				GCC_DYNAMIC_NO_PIC = NO;
				GCC_NO_COMMON_BLOCKS = YES;
				GCC_OPTIMIZATION_LEVEL = 0;
				GCC_PREPROCESSOR_DEFINITIONS = (
					"DEBUG=1",
					"$(inherited)",
				);
				GCC_WARN_64_TO_32_BIT_CONVERSION = YES;
				GCC_WARN_ABOUT_RETURN_TYPE = YES_ERROR;
				GCC_WARN_UNDECLARED_SELECTOR = YES;
				GCC_WARN_UNINITIALIZED_AUTOS = YES_AGGRESSIVE;
				GCC_WARN_UNUSED_FUNCTION = YES;
				GCC_WARN_UNUSED_VARIABLE = YES;
				IPHONEOS_DEPLOYMENT_TARGET = 14.5;
				MTL_ENABLE_DEBUG_INFO = INCLUDE_SOURCE;
				MTL_FAST_MATH = YES;
				ONLY_ACTIVE_ARCH = YES;
				SDKROOT = iphoneos;
				SWIFT_ACTIVE_COMPILATION_CONDITIONS = DEBUG;
				SWIFT_OPTIMIZATION_LEVEL = "-Onone";
			};
			name = Debug;
		};
		BC3E3C952696687800A3D9AF /* Release */ = {
			isa = XCBuildConfiguration;
			buildSettings = {
				ALWAYS_SEARCH_USER_PATHS = NO;
				CLANG_ANALYZER_NONNULL = YES;
				CLANG_ANALYZER_NUMBER_OBJECT_CONVERSION = YES_AGGRESSIVE;
				CLANG_CXX_LANGUAGE_STANDARD = "gnu++14";
				CLANG_CXX_LIBRARY = "libc++";
				CLANG_ENABLE_MODULES = YES;
				CLANG_ENABLE_OBJC_ARC = YES;
				CLANG_ENABLE_OBJC_WEAK = YES;
				CLANG_WARN_BLOCK_CAPTURE_AUTORELEASING = YES;
				CLANG_WARN_BOOL_CONVERSION = YES;
				CLANG_WARN_COMMA = YES;
				CLANG_WARN_CONSTANT_CONVERSION = YES;
				CLANG_WARN_DEPRECATED_OBJC_IMPLEMENTATIONS = YES;
				CLANG_WARN_DIRECT_OBJC_ISA_USAGE = YES_ERROR;
				CLANG_WARN_DOCUMENTATION_COMMENTS = YES;
				CLANG_WARN_EMPTY_BODY = YES;
				CLANG_WARN_ENUM_CONVERSION = YES;
				CLANG_WARN_INFINITE_RECURSION = YES;
				CLANG_WARN_INT_CONVERSION = YES;
				CLANG_WARN_NON_LITERAL_NULL_CONVERSION = YES;
				CLANG_WARN_OBJC_IMPLICIT_RETAIN_SELF = YES;
				CLANG_WARN_OBJC_LITERAL_CONVERSION = YES;
				CLANG_WARN_OBJC_ROOT_CLASS = YES_ERROR;
				CLANG_WARN_QUOTED_INCLUDE_IN_FRAMEWORK_HEADER = YES;
				CLANG_WARN_RANGE_LOOP_ANALYSIS = YES;
				CLANG_WARN_STRICT_PROTOTYPES = YES;
				CLANG_WARN_SUSPICIOUS_MOVE = YES;
				CLANG_WARN_UNGUARDED_AVAILABILITY = YES_AGGRESSIVE;
				CLANG_WARN_UNREACHABLE_CODE = YES;
				CLANG_WARN__DUPLICATE_METHOD_MATCH = YES;
				COPY_PHASE_STRIP = NO;
				DEBUG_INFORMATION_FORMAT = "dwarf-with-dsym";
				ENABLE_NS_ASSERTIONS = NO;
				ENABLE_STRICT_OBJC_MSGSEND = YES;
				GCC_C_LANGUAGE_STANDARD = gnu11;
				GCC_NO_COMMON_BLOCKS = YES;
				GCC_WARN_64_TO_32_BIT_CONVERSION = YES;
				GCC_WARN_ABOUT_RETURN_TYPE = YES_ERROR;
				GCC_WARN_UNDECLARED_SELECTOR = YES;
				GCC_WARN_UNINITIALIZED_AUTOS = YES_AGGRESSIVE;
				GCC_WARN_UNUSED_FUNCTION = YES;
				GCC_WARN_UNUSED_VARIABLE = YES;
				IPHONEOS_DEPLOYMENT_TARGET = 14.5;
				MTL_ENABLE_DEBUG_INFO = NO;
				MTL_FAST_MATH = YES;
				SDKROOT = iphoneos;
				SWIFT_COMPILATION_MODE = wholemodule;
				SWIFT_OPTIMIZATION_LEVEL = "-O";
				VALIDATE_PRODUCT = YES;
			};
			name = Release;
		};
		BC3E3C972696687800A3D9AF /* Debug */ = {
			isa = XCBuildConfiguration;
			buildSettings = {
				ASSETCATALOG_COMPILER_APPICON_NAME = AppIcon;
				ASSETCATALOG_COMPILER_GLOBAL_ACCENT_COLOR_NAME = AccentColor;
				CODE_SIGN_STYLE = Automatic;
				INFOPLIST_FILE = KCProgrammingChallenge/Info.plist;
				LD_RUNPATH_SEARCH_PATHS = (
					"$(inherited)",
					"@executable_path/Frameworks",
				);
				PRODUCT_BUNDLE_IDENTIFIER = com.alejandrovilla.KCProgrammingChallenge;
				PRODUCT_NAME = "$(TARGET_NAME)";
				SWIFT_VERSION = 5.0;
				TARGETED_DEVICE_FAMILY = "1,2";
			};
			name = Debug;
		};
		BC3E3C982696687800A3D9AF /* Release */ = {
			isa = XCBuildConfiguration;
			buildSettings = {
				ASSETCATALOG_COMPILER_APPICON_NAME = AppIcon;
				ASSETCATALOG_COMPILER_GLOBAL_ACCENT_COLOR_NAME = AccentColor;
				CODE_SIGN_STYLE = Automatic;
				INFOPLIST_FILE = KCProgrammingChallenge/Info.plist;
				LD_RUNPATH_SEARCH_PATHS = (
					"$(inherited)",
					"@executable_path/Frameworks",
				);
				PRODUCT_BUNDLE_IDENTIFIER = com.alejandrovilla.KCProgrammingChallenge;
				PRODUCT_NAME = "$(TARGET_NAME)";
				SWIFT_VERSION = 5.0;
				TARGETED_DEVICE_FAMILY = "1,2";
			};
			name = Release;
		};
		BC3E3C9A2696687800A3D9AF /* Debug */ = {
			isa = XCBuildConfiguration;
			buildSettings = {
				ALWAYS_EMBED_SWIFT_STANDARD_LIBRARIES = YES;
				BUNDLE_LOADER = "$(TEST_HOST)";
				CODE_SIGN_STYLE = Automatic;
				INFOPLIST_FILE = KCProgrammingChallengeTests/Info.plist;
				IPHONEOS_DEPLOYMENT_TARGET = 14.5;
				LD_RUNPATH_SEARCH_PATHS = (
					"$(inherited)",
					"@executable_path/Frameworks",
					"@loader_path/Frameworks",
				);
				PRODUCT_BUNDLE_IDENTIFIER = com.alejandrovilla.KCProgrammingChallengeTests;
				PRODUCT_NAME = "$(TARGET_NAME)";
				SWIFT_VERSION = 5.0;
				TARGETED_DEVICE_FAMILY = "1,2";
				TEST_HOST = "$(BUILT_PRODUCTS_DIR)/KCProgrammingChallenge.app/KCProgrammingChallenge";
			};
			name = Debug;
		};
		BC3E3C9B2696687800A3D9AF /* Release */ = {
			isa = XCBuildConfiguration;
			buildSettings = {
				ALWAYS_EMBED_SWIFT_STANDARD_LIBRARIES = YES;
				BUNDLE_LOADER = "$(TEST_HOST)";
				CODE_SIGN_STYLE = Automatic;
				INFOPLIST_FILE = KCProgrammingChallengeTests/Info.plist;
				IPHONEOS_DEPLOYMENT_TARGET = 14.5;
				LD_RUNPATH_SEARCH_PATHS = (
					"$(inherited)",
					"@executable_path/Frameworks",
					"@loader_path/Frameworks",
				);
				PRODUCT_BUNDLE_IDENTIFIER = com.alejandrovilla.KCProgrammingChallengeTests;
				PRODUCT_NAME = "$(TARGET_NAME)";
				SWIFT_VERSION = 5.0;
				TARGETED_DEVICE_FAMILY = "1,2";
				TEST_HOST = "$(BUILT_PRODUCTS_DIR)/KCProgrammingChallenge.app/KCProgrammingChallenge";
			};
			name = Release;
		};
		BC3E3C9D2696687800A3D9AF /* Debug */ = {
			isa = XCBuildConfiguration;
			buildSettings = {
				ALWAYS_EMBED_SWIFT_STANDARD_LIBRARIES = YES;
				CODE_SIGN_STYLE = Automatic;
				INFOPLIST_FILE = KCProgrammingChallengeUITests/Info.plist;
				LD_RUNPATH_SEARCH_PATHS = (
					"$(inherited)",
					"@executable_path/Frameworks",
					"@loader_path/Frameworks",
				);
				PRODUCT_BUNDLE_IDENTIFIER = com.alejandrovilla.KCProgrammingChallengeUITests;
				PRODUCT_NAME = "$(TARGET_NAME)";
				SWIFT_VERSION = 5.0;
				TARGETED_DEVICE_FAMILY = "1,2";
				TEST_TARGET_NAME = KCProgrammingChallenge;
			};
			name = Debug;
		};
		BC3E3C9E2696687800A3D9AF /* Release */ = {
			isa = XCBuildConfiguration;
			buildSettings = {
				ALWAYS_EMBED_SWIFT_STANDARD_LIBRARIES = YES;
				CODE_SIGN_STYLE = Automatic;
				INFOPLIST_FILE = KCProgrammingChallengeUITests/Info.plist;
				LD_RUNPATH_SEARCH_PATHS = (
					"$(inherited)",
					"@executable_path/Frameworks",
					"@loader_path/Frameworks",
				);
				PRODUCT_BUNDLE_IDENTIFIER = com.alejandrovilla.KCProgrammingChallengeUITests;
				PRODUCT_NAME = "$(TARGET_NAME)";
				SWIFT_VERSION = 5.0;
				TARGETED_DEVICE_FAMILY = "1,2";
				TEST_TARGET_NAME = KCProgrammingChallenge;
			};
			name = Release;
		};
/* End XCBuildConfiguration section */

/* Begin XCConfigurationList section */
		BC3E3C672696687300A3D9AF /* Build configuration list for PBXProject "KCProgrammingChallenge" */ = {
			isa = XCConfigurationList;
			buildConfigurations = (
				BC3E3C942696687800A3D9AF /* Debug */,
				BC3E3C952696687800A3D9AF /* Release */,
			);
			defaultConfigurationIsVisible = 0;
			defaultConfigurationName = Release;
		};
		BC3E3C962696687800A3D9AF /* Build configuration list for PBXNativeTarget "KCProgrammingChallenge" */ = {
			isa = XCConfigurationList;
			buildConfigurations = (
				BC3E3C972696687800A3D9AF /* Debug */,
				BC3E3C982696687800A3D9AF /* Release */,
			);
			defaultConfigurationIsVisible = 0;
			defaultConfigurationName = Release;
		};
		BC3E3C992696687800A3D9AF /* Build configuration list for PBXNativeTarget "KCProgrammingChallengeTests" */ = {
			isa = XCConfigurationList;
			buildConfigurations = (
				BC3E3C9A2696687800A3D9AF /* Debug */,
				BC3E3C9B2696687800A3D9AF /* Release */,
			);
			defaultConfigurationIsVisible = 0;
			defaultConfigurationName = Release;
		};
		BC3E3C9C2696687800A3D9AF /* Build configuration list for PBXNativeTarget "KCProgrammingChallengeUITests" */ = {
			isa = XCConfigurationList;
			buildConfigurations = (
				BC3E3C9D2696687800A3D9AF /* Debug */,
				BC3E3C9E2696687800A3D9AF /* Release */,
			);
			defaultConfigurationIsVisible = 0;
			defaultConfigurationName = Release;
		};
/* End XCConfigurationList section */
	};
	rootObject = BC3E3C642696687300A3D9AF /* Project object */;
}
